{\n  \"lockfileVersion\": 1,\n  \"configVersion\": 0,\n  \"workspaces\": {\n    \"\": {\n      \"name\": \"central-dogma\",\n      \"dependencies\": {\n        \"@hono/swagger-ui\": \"0.6.1\",\n        \"@hono/zod-openapi\": \"1.2.4\",\n        \"hono\": \"4.12.12\",\n        \"umt\": \"2.14.0\",\n        \"zod\": \"4.3.6\",\n      },\n      \"devDependencies\": {\n        \"@biomejs/biome\": \"2.4.10\",\n        \"@eslint/eslintrc\": \"^3.3.5\",\n        \"@eslint/js\": \"^10.0.1\",\n        \"@swc/core\": \"1.15.24\",\n        \"@swc/jest\": \"0.2.39\",\n        \"@types/jest\": \"30.0.0\",\n        \"@typescript-eslint/eslint-plugin\": \"8.58.0\",\n        \"@typescript-eslint/parser\": \"8.58.0\",\n        \"bun-types\": \"1.3.11\",\n        \"eslint\": \"10.2.0\",\n        \"eslint-plugin-import\": \"2.32.0\",\n        \"eslint-plugin-unicorn\": \"64.0.0\",\n        \"jest\": \"30.3.0\",\n        \"ts-node\": \"10.9.2\",\n        \"tsx\": \"4.21.0\",\n        \"typescript\": \"6.0.2\",\n      },\n    },\n  },